
Microsoft Visual Studio Solution File, Format Version 12.00
# Visual Studio Version 16
VisualStudioVersion = 16.0.31313.79
MinimumVisualStudioVersion = 10.0.40219.1
Project("{FAE04EC0-301F-11D3-BF4B-00C04F79EFBC}") = "EndSemPractice", "EndSemPractice\EndSemPractice.csproj", "{1815F89C-9C1C-4DB3-B8E6-9281DDFDBB60}"
EndProject
Global
	GlobalSection(SolutionConfigurationPlatforms) = preSolution
		Debug|Any CPU = Debug|Any CPU
		Release|Any CPU = Release|Any CPU
	EndGlobalSection
	GlobalSection(ProjectConfigurationPlatforms) = postSolution
		{1815F89C-9C1C-4DB3-B8E6-9281DDFDBB60}.Debug|Any CPU.ActiveCfg = Debug|Any CPU
		{1815F89C-9C1C-4DB3-B8E6-9281DDFDBB60}.Debug|Any CPU.Build.0 = Debug|Any CPU
		{1815F89C-9C1C-4DB3-B8E6-9281DDFDBB60}.Release|Any CPU.ActiveCfg = Release|Any CPU
		{1815F89C-9C1C-4DB3-B8E6-9281DDFDBB60}.Release|Any CPU.Build.0 = Release|Any CPU
	EndGlobalSection
	GlobalSection(SolutionProperties) = preSolution
		HideSolutionNode = FALSE
	EndGlobalSection
	GlobalSection(ExtensibilityGlobals) = postSolution
		SolutionGuid = {B30156DE-01D5-40E9-B1F6-10C4191AEF83}
	EndGlobalSection
EndGlobal
