
Microsoft Visual Studio Solution File, Format Version 12.00
# Visual Studio Version 16
VisualStudioVersion = 16.0.31313.79
MinimumVisualStudioVersion = 10.0.40219.1
Project("{9A19103F-16F7-4668-BE54-9A1E7A4F7556}") = "AsyncWebServer_Rainer", "AsyncWebServer_Rainer\AsyncWebServer_Rainer.csproj", "{69941D06-BB7F-4E02-B170-0C938F15BB5A}"
EndProject
Project("{FAE04EC0-301F-11D3-BF4B-00C04F79EFBC}") = "AsyncUserInterface", "AsyncUserInterface\AsyncUserInterface.csproj", "{A9C513E7-20EE-4100-B4D2-6ECC87A5D682}"
EndProject
Global
	GlobalSection(SolutionConfigurationPlatforms) = preSolution
		Debug|Any CPU = Debug|Any CPU
		Release|Any CPU = Release|Any CPU
	EndGlobalSection
	GlobalSection(ProjectConfigurationPlatforms) = postSolution
		{69941D06-BB7F-4E02-B170-0C938F15BB5A}.Debug|Any CPU.ActiveCfg = Debug|Any CPU
		{69941D06-BB7F-4E02-B170-0C938F15BB5A}.Debug|Any CPU.Build.0 = Debug|Any CPU
		{69941D06-BB7F-4E02-B170-0C938F15BB5A}.Release|Any CPU.ActiveCfg = Release|Any CPU
		{69941D06-BB7F-4E02-B170-0C938F15BB5A}.Release|Any CPU.Build.0 = Release|Any CPU
		{A9C513E7-20EE-4100-B4D2-6ECC87A5D682}.Debug|Any CPU.ActiveCfg = Debug|Any CPU
		{A9C513E7-20EE-4100-B4D2-6ECC87A5D682}.Debug|Any CPU.Build.0 = Debug|Any CPU
		{A9C513E7-20EE-4100-B4D2-6ECC87A5D682}.Release|Any CPU.ActiveCfg = Release|Any CPU
		{A9C513E7-20EE-4100-B4D2-6ECC87A5D682}.Release|Any CPU.Build.0 = Release|Any CPU
	EndGlobalSection
	GlobalSection(SolutionProperties) = preSolution
		HideSolutionNode = FALSE
	EndGlobalSection
	GlobalSection(ExtensibilityGlobals) = postSolution
		SolutionGuid = {9B3C977C-FAC2-44C2-9CA3-1BECCE6FDF85}
	EndGlobalSection
EndGlobal
