
Microsoft Visual Studio Solution File, Format Version 12.00
# Visual Studio Version 16
VisualStudioVersion = 16.0.31402.337
MinimumVisualStudioVersion = 10.0.40219.1
Project("{FAE04EC0-301F-11D3-BF4B-00C04F79EFBC}") = "AgentController.Android", "AgentController\AgentController.Android\AgentController.Android.csproj", "{15400FF9-10C3-4040-9B9F-7ECC0B00054E}"
EndProject
Project("{FAE04EC0-301F-11D3-BF4B-00C04F79EFBC}") = "AgentController", "AgentController\AgentController\AgentController.csproj", "{BAC348BF-7E30-4B5E-B316-40AA09A5C17E}"
EndProject
Global
	GlobalSection(SolutionConfigurationPlatforms) = preSolution
		Debug|Any CPU = Debug|Any CPU
		Release|Any CPU = Release|Any CPU
	EndGlobalSection
	GlobalSection(ProjectConfigurationPlatforms) = postSolution
		{15400FF9-10C3-4040-9B9F-7ECC0B00054E}.Debug|Any CPU.ActiveCfg = Debug|Any CPU
		{15400FF9-10C3-4040-9B9F-7ECC0B00054E}.Debug|Any CPU.Build.0 = Debug|Any CPU
		{15400FF9-10C3-4040-9B9F-7ECC0B00054E}.Debug|Any CPU.Deploy.0 = Debug|Any CPU
		{15400FF9-10C3-4040-9B9F-7ECC0B00054E}.Release|Any CPU.ActiveCfg = Release|Any CPU
		{15400FF9-10C3-4040-9B9F-7ECC0B00054E}.Release|Any CPU.Build.0 = Release|Any CPU
		{15400FF9-10C3-4040-9B9F-7ECC0B00054E}.Release|Any CPU.Deploy.0 = Release|Any CPU
		{BAC348BF-7E30-4B5E-B316-40AA09A5C17E}.Debug|Any CPU.ActiveCfg = Debug|Any CPU
		{BAC348BF-7E30-4B5E-B316-40AA09A5C17E}.Debug|Any CPU.Build.0 = Debug|Any CPU
		{BAC348BF-7E30-4B5E-B316-40AA09A5C17E}.Debug|Any CPU.Deploy.0 = Debug|Any CPU
		{BAC348BF-7E30-4B5E-B316-40AA09A5C17E}.Release|Any CPU.ActiveCfg = Release|Any CPU
		{BAC348BF-7E30-4B5E-B316-40AA09A5C17E}.Release|Any CPU.Build.0 = Release|Any CPU
		{BAC348BF-7E30-4B5E-B316-40AA09A5C17E}.Release|Any CPU.Deploy.0 = Release|Any CPU
	EndGlobalSection
	GlobalSection(SolutionProperties) = preSolution
		HideSolutionNode = FALSE
	EndGlobalSection
	GlobalSection(ExtensibilityGlobals) = postSolution
		SolutionGuid = {62E98386-4AA2-4A5B-A0F5-A60ADECA4986}
	EndGlobalSection
EndGlobal
