
Microsoft Visual Studio Solution File, Format Version 12.00
# Visual Studio Version 16
VisualStudioVersion = 16.0.31402.337
MinimumVisualStudioVersion = 10.0.40219.1
Project("{FAE04EC0-301F-11D3-BF4B-00C04F79EFBC}") = "NotesApp.Android", "NotesApp\NotesApp.Android\NotesApp.Android.csproj", "{8FBCCB8D-AE38-44D4-9E5E-6F714C5D57B2}"
EndProject
Project("{FAE04EC0-301F-11D3-BF4B-00C04F79EFBC}") = "NotesApp", "NotesApp\NotesApp\NotesApp.csproj", "{95EF28BC-9259-40CE-A63A-607B7FF61E4A}"
EndProject
Global
	GlobalSection(SolutionConfigurationPlatforms) = preSolution
		Debug|Any CPU = Debug|Any CPU
		Release|Any CPU = Release|Any CPU
	EndGlobalSection
	GlobalSection(ProjectConfigurationPlatforms) = postSolution
		{8FBCCB8D-AE38-44D4-9E5E-6F714C5D57B2}.Debug|Any CPU.ActiveCfg = Debug|Any CPU
		{8FBCCB8D-AE38-44D4-9E5E-6F714C5D57B2}.Debug|Any CPU.Build.0 = Debug|Any CPU
		{8FBCCB8D-AE38-44D4-9E5E-6F714C5D57B2}.Debug|Any CPU.Deploy.0 = Debug|Any CPU
		{8FBCCB8D-AE38-44D4-9E5E-6F714C5D57B2}.Release|Any CPU.ActiveCfg = Release|Any CPU
		{8FBCCB8D-AE38-44D4-9E5E-6F714C5D57B2}.Release|Any CPU.Build.0 = Release|Any CPU
		{8FBCCB8D-AE38-44D4-9E5E-6F714C5D57B2}.Release|Any CPU.Deploy.0 = Release|Any CPU
		{95EF28BC-9259-40CE-A63A-607B7FF61E4A}.Debug|Any CPU.ActiveCfg = Debug|Any CPU
		{95EF28BC-9259-40CE-A63A-607B7FF61E4A}.Debug|Any CPU.Build.0 = Debug|Any CPU
		{95EF28BC-9259-40CE-A63A-607B7FF61E4A}.Debug|Any CPU.Deploy.0 = Debug|Any CPU
		{95EF28BC-9259-40CE-A63A-607B7FF61E4A}.Release|Any CPU.ActiveCfg = Release|Any CPU
		{95EF28BC-9259-40CE-A63A-607B7FF61E4A}.Release|Any CPU.Build.0 = Release|Any CPU
		{95EF28BC-9259-40CE-A63A-607B7FF61E4A}.Release|Any CPU.Deploy.0 = Release|Any CPU
	EndGlobalSection
	GlobalSection(SolutionProperties) = preSolution
		HideSolutionNode = FALSE
	EndGlobalSection
	GlobalSection(ExtensibilityGlobals) = postSolution
		SolutionGuid = {4704EF48-A743-4315-A866-279590844B2C}
	EndGlobalSection
EndGlobal
